
Microsoft Visual Studio Solution File, Format Version 12.00
# Visual Studio Version 16
VisualStudioVersion = 16.0.810.11
MinimumVisualStudioVersion = 10.0.40219.1
Project("{FAE04EC0-301F-11D3-BF4B-00C04F79EFBC}") = "Crud.Business", "Crud.Business\Crud.Business.csproj", "{B38F88F0-34EF-48E7-9526-5DFECC01BF82}"
EndProject
Project("{FAE04EC0-301F-11D3-BF4B-00C04F79EFBC}") = "Crud.DataAccess", "Crud.DataAccess\Crud.DataAccess.csproj", "{164D7D03-FAAA-4837-990F-C8B1C68CE241}"
EndProject
Project("{FAE04EC0-301F-11D3-BF4B-00C04F79EFBC}") = "Crud.Entities", "Crud.Entities\Crud.Entities.csproj", "{782804EB-BB8B-4BD8-B861-92C7B936F626}"
EndProject
Project("{FAE04EC0-301F-11D3-BF4B-00C04F79EFBC}") = "Crud.WebUI", "Crud.WebUI\Crud.WebUI.csproj", "{5F551A06-7C2B-42B0-A50A-BDFDFA090939}"
EndProject
Global
	GlobalSection(SolutionConfigurationPlatforms) = preSolution
		Debug|Any CPU = Debug|Any CPU
		Release|Any CPU = Release|Any CPU
	EndGlobalSection
	GlobalSection(ProjectConfigurationPlatforms) = postSolution
		{B38F88F0-34EF-48E7-9526-5DFECC01BF82}.Debug|Any CPU.ActiveCfg = Debug|Any CPU
		{B38F88F0-34EF-48E7-9526-5DFECC01BF82}.Debug|Any CPU.Build.0 = Debug|Any CPU
		{B38F88F0-34EF-48E7-9526-5DFECC01BF82}.Release|Any CPU.ActiveCfg = Release|Any CPU
		{B38F88F0-34EF-48E7-9526-5DFECC01BF82}.Release|Any CPU.Build.0 = Release|Any CPU
		{164D7D03-FAAA-4837-990F-C8B1C68CE241}.Debug|Any CPU.ActiveCfg = Debug|Any CPU
		{164D7D03-FAAA-4837-990F-C8B1C68CE241}.Debug|Any CPU.Build.0 = Debug|Any CPU
		{164D7D03-FAAA-4837-990F-C8B1C68CE241}.Release|Any CPU.ActiveCfg = Release|Any CPU
		{164D7D03-FAAA-4837-990F-C8B1C68CE241}.Release|Any CPU.Build.0 = Release|Any CPU
		{782804EB-BB8B-4BD8-B861-92C7B936F626}.Debug|Any CPU.ActiveCfg = Debug|Any CPU
		{782804EB-BB8B-4BD8-B861-92C7B936F626}.Debug|Any CPU.Build.0 = Debug|Any CPU
		{782804EB-BB8B-4BD8-B861-92C7B936F626}.Release|Any CPU.ActiveCfg = Release|Any CPU
		{782804EB-BB8B-4BD8-B861-92C7B936F626}.Release|Any CPU.Build.0 = Release|Any CPU
		{5F551A06-7C2B-42B0-A50A-BDFDFA090939}.Debug|Any CPU.ActiveCfg = Debug|Any CPU
		{5F551A06-7C2B-42B0-A50A-BDFDFA090939}.Debug|Any CPU.Build.0 = Debug|Any CPU
		{5F551A06-7C2B-42B0-A50A-BDFDFA090939}.Release|Any CPU.ActiveCfg = Release|Any CPU
		{5F551A06-7C2B-42B0-A50A-BDFDFA090939}.Release|Any CPU.Build.0 = Release|Any CPU
	EndGlobalSection
	GlobalSection(SolutionProperties) = preSolution
		HideSolutionNode = FALSE
	EndGlobalSection
	GlobalSection(ExtensibilityGlobals) = postSolution
		SolutionGuid = {0569F0EA-9B3F-4813-AD05-F281B359380A}
	EndGlobalSection
EndGlobal
